
Microsoft Visual Studio Solution File, Format Version 12.00
# Visual Studio Version 16
VisualStudioVersion = 16.0.29102.190
MinimumVisualStudioVersion = 10.0.40219.1
Project("{FAE04EC0-301F-11D3-BF4B-00C04F79EFBC}") = "InnerJoinWebApi", "InnerJoinWebApi\InnerJoinWebApi.csproj", "{9A067F7E-11D0-4D8E-9690-9C5E8E0F814A}"
EndProject
Project("{FAE04EC0-301F-11D3-BF4B-00C04F79EFBC}") = "DesignP", "ModelBuilder\DesignP.csproj", "{61F84615-8E90-4F12-AB11-84E52AA9DE79}"
EndProject
Global
	GlobalSection(SolutionConfigurationPlatforms) = preSolution
		Debug|Any CPU = Debug|Any CPU
		Release|Any CPU = Release|Any CPU
	EndGlobalSection
	GlobalSection(ProjectConfigurationPlatforms) = postSolution
		{9A067F7E-11D0-4D8E-9690-9C5E8E0F814A}.Debug|Any CPU.ActiveCfg = Debug|Any CPU
		{9A067F7E-11D0-4D8E-9690-9C5E8E0F814A}.Debug|Any CPU.Build.0 = Debug|Any CPU
		{9A067F7E-11D0-4D8E-9690-9C5E8E0F814A}.Release|Any CPU.ActiveCfg = Release|Any CPU
		{9A067F7E-11D0-4D8E-9690-9C5E8E0F814A}.Release|Any CPU.Build.0 = Release|Any CPU
		{61F84615-8E90-4F12-AB11-84E52AA9DE79}.Debug|Any CPU.ActiveCfg = Debug|Any CPU
		{61F84615-8E90-4F12-AB11-84E52AA9DE79}.Debug|Any CPU.Build.0 = Debug|Any CPU
		{61F84615-8E90-4F12-AB11-84E52AA9DE79}.Release|Any CPU.ActiveCfg = Release|Any CPU
		{61F84615-8E90-4F12-AB11-84E52AA9DE79}.Release|Any CPU.Build.0 = Release|Any CPU
	EndGlobalSection
	GlobalSection(SolutionProperties) = preSolution
		HideSolutionNode = FALSE
	EndGlobalSection
	GlobalSection(ExtensibilityGlobals) = postSolution
		SolutionGuid = {9D630553-044F-4BAB-B585-DB9D15A8FA7D}
	EndGlobalSection
EndGlobal
