
Microsoft Visual Studio Solution File, Format Version 12.00
# Visual Studio Version 16
VisualStudioVersion = 16.0.29424.173
MinimumVisualStudioVersion = 10.0.40219.1
Project("{9A19103F-16F7-4668-BE54-9A1E7A4F7556}") = "WebAPi", "WebAPi\WebAPi.csproj", "{E8B5072A-F32E-4940-8FB1-96284B067914}"
EndProject
Global
	GlobalSection(SolutionConfigurationPlatforms) = preSolution
		Debug|Any CPU = Debug|Any CPU
		Release|Any CPU = Release|Any CPU
	EndGlobalSection
	GlobalSection(ProjectConfigurationPlatforms) = postSolution
		{E8B5072A-F32E-4940-8FB1-96284B067914}.Debug|Any CPU.ActiveCfg = Debug|Any CPU
		{E8B5072A-F32E-4940-8FB1-96284B067914}.Debug|Any CPU.Build.0 = Debug|Any CPU
		{E8B5072A-F32E-4940-8FB1-96284B067914}.Release|Any CPU.ActiveCfg = Release|Any CPU
		{E8B5072A-F32E-4940-8FB1-96284B067914}.Release|Any CPU.Build.0 = Release|Any CPU
	EndGlobalSection
	GlobalSection(SolutionProperties) = preSolution
		HideSolutionNode = FALSE
	EndGlobalSection
	GlobalSection(ExtensibilityGlobals) = postSolution
		SolutionGuid = {6B530425-3690-4E4D-ACF2-68BC9F2721EA}
	EndGlobalSection
EndGlobal
