
Microsoft Visual Studio Solution File, Format Version 12.00
# Visual Studio Version 16
VisualStudioVersion = 16.0.29102.190
MinimumVisualStudioVersion = 10.0.40219.1
Project("{9A19103F-16F7-4668-BE54-9A1E7A4F7556}") = "NetCore", "NetCore\NetCore.csproj", "{A0827281-4F0A-46AD-9138-573CCCBC586F}"
EndProject
Project("{9A19103F-16F7-4668-BE54-9A1E7A4F7556}") = "PropertiesSystem", "PropertiesSystem\PropertiesSystem.csproj", "{2C747CDE-1293-4D22-A8F5-3651B02BE419}"
EndProject
Global
	GlobalSection(SolutionConfigurationPlatforms) = preSolution
		Debug|Any CPU = Debug|Any CPU
		Release|Any CPU = Release|Any CPU
	EndGlobalSection
	GlobalSection(ProjectConfigurationPlatforms) = postSolution
		{A0827281-4F0A-46AD-9138-573CCCBC586F}.Debug|Any CPU.ActiveCfg = Debug|Any CPU
		{A0827281-4F0A-46AD-9138-573CCCBC586F}.Debug|Any CPU.Build.0 = Debug|Any CPU
		{A0827281-4F0A-46AD-9138-573CCCBC586F}.Release|Any CPU.ActiveCfg = Release|Any CPU
		{A0827281-4F0A-46AD-9138-573CCCBC586F}.Release|Any CPU.Build.0 = Release|Any CPU
		{2C747CDE-1293-4D22-A8F5-3651B02BE419}.Debug|Any CPU.ActiveCfg = Debug|Any CPU
		{2C747CDE-1293-4D22-A8F5-3651B02BE419}.Debug|Any CPU.Build.0 = Debug|Any CPU
		{2C747CDE-1293-4D22-A8F5-3651B02BE419}.Release|Any CPU.ActiveCfg = Release|Any CPU
		{2C747CDE-1293-4D22-A8F5-3651B02BE419}.Release|Any CPU.Build.0 = Release|Any CPU
	EndGlobalSection
	GlobalSection(SolutionProperties) = preSolution
		HideSolutionNode = FALSE
	EndGlobalSection
	GlobalSection(ExtensibilityGlobals) = postSolution
		SolutionGuid = {E961B482-A99D-4F33-8C2B-D4C15A94454F}
	EndGlobalSection
EndGlobal
